PODS:
  - Crashlytics (3.8.4):
    - Fabric (~> 1.6.3)
  - Fabric (1.6.11)
  - Google-Mobile-Ads-SDK (7.19.1)
  - SBNag.swift (0.0.2):
    - SwiftDate
  - SwiftDate (4.1.1)

DEPENDENCIES:
  - Crashlytics
  - Fabric
  - Google-Mobile-Ads-SDK
  - SBNag.swift

SPEC CHECKSUMS:
  Crashlytics: 79e236942ca1e7fc641df1feb9a275360a78ab6a
  Fabric: 5911403591946b8228ab1c51d98f1d7137e863c6
  Google-Mobile-Ads-SDK: 43ac87810e4961f5093024d3525bfe022f956da3
  SBNag.swift: 57ae1aa7799765e2452aaa02f97ee1aca0ed396d
  SwiftDate: ae615078806a322183e5f64e02e80ca8d939bf48

PODFILE CHECKSUM: 1d7480581666e6a4a01fee1928a9386392112cda

COCOAPODS: 1.2.0
